
Microsoft Visual Studio Solution File, Format Version 12.00
# Visual Studio Version 17
VisualStudioVersion = 17.14.36511.14 d17.14
MinimumVisualStudioVersion = 10.0.40219.1
Project("{FAE04EC0-301F-11D3-BF4B-00C04F79EFBC}") = "WS3Testing", "WS3Testing\WS3Testing.csproj", "{6B6302E9-C180-4A51-883D-FCDFDD160509}"
EndProject
Project("{FAE04EC0-301F-11D3-BF4B-00C04F79EFBC}") = "TestProject1", "TestProject1\TestProject1.csproj", "{98B9BF7F-730B-416B-AC8D-231E911124CD}"
EndProject
Project("{FAE04EC0-301F-11D3-BF4B-00C04F79EFBC}") = "WS3Code", "WS3Code\WS3Code.csproj", "{926B0B20-6399-4EBC-98F5-12295CB0CB49}"
EndProject
Global
	GlobalSection(SolutionConfigurationPlatforms) = preSolution
		Debug|Any CPU = Debug|Any CPU
		Release|Any CPU = Release|Any CPU
	EndGlobalSection
	GlobalSection(ProjectConfigurationPlatforms) = postSolution
		{6B6302E9-C180-4A51-883D-FCDFDD160509}.Debug|Any CPU.ActiveCfg = Debug|Any CPU
		{6B6302E9-C180-4A51-883D-FCDFDD160509}.Debug|Any CPU.Build.0 = Debug|Any CPU
		{6B6302E9-C180-4A51-883D-FCDFDD160509}.Release|Any CPU.ActiveCfg = Release|Any CPU
		{6B6302E9-C180-4A51-883D-FCDFDD160509}.Release|Any CPU.Build.0 = Release|Any CPU
		{98B9BF7F-730B-416B-AC8D-231E911124CD}.Debug|Any CPU.ActiveCfg = Debug|Any CPU
		{98B9BF7F-730B-416B-AC8D-231E911124CD}.Debug|Any CPU.Build.0 = Debug|Any CPU
		{98B9BF7F-730B-416B-AC8D-231E911124CD}.Release|Any CPU.ActiveCfg = Release|Any CPU
		{98B9BF7F-730B-416B-AC8D-231E911124CD}.Release|Any CPU.Build.0 = Release|Any CPU
		{926B0B20-6399-4EBC-98F5-12295CB0CB49}.Debug|Any CPU.ActiveCfg = Debug|Any CPU
		{926B0B20-6399-4EBC-98F5-12295CB0CB49}.Debug|Any CPU.Build.0 = Debug|Any CPU
		{926B0B20-6399-4EBC-98F5-12295CB0CB49}.Release|Any CPU.ActiveCfg = Release|Any CPU
		{926B0B20-6399-4EBC-98F5-12295CB0CB49}.Release|Any CPU.Build.0 = Release|Any CPU
	EndGlobalSection
	GlobalSection(SolutionProperties) = preSolution
		HideSolutionNode = FALSE
	EndGlobalSection
	GlobalSection(ExtensibilityGlobals) = postSolution
		SolutionGuid = {BB459317-09B3-4FDF-BBE6-AF2868CD559D}
	EndGlobalSection
EndGlobal
